{
  "name": "counter-web-app",
  "version": "0.0.0",
  "lockfileVersion": 3,
  "requires": true,
  "packages": {
    "": {
      "name": "counter-web-app",
      "version": "0.0.0",
      "dependencies": {
        "signal-effect": "file:../.."
      }
    },
    "../..": {
      "version": "0.0.4",
      "license": "MIT",
      "devDependencies": {
        "@types/node": "^20.12.12",
        "@typescript-eslint/eslint-plugin": "^7.9.0",
        "@typescript-eslint/parser": "^7.9.0",
        "bunchee": "^5.1.5",
        "eslint": "^8.30.0",
        "eslint-config-prettier": "^9.1.0",
        "eslint-plugin-no-only-tests": "^3.1.0",
        "jsdom": "^24.0.0",
        "signal-polyfill": "^0.1.1",
        "typescript": "^5.4.5",
        "vite": "^5.2.11",
        "vitest": "^1.6.0"
      },
      "peerDependencies": {
        "signal-polyfill": "^0.1.0"
      }
    },
    "../../dist": {
      "extraneous": true
    },
    "../../dist/es": {
      "extraneous": true
    },
    "../../dist/es/index.mjs": {
      "extraneous": true
    },
    "node_modules/signal-effect": {
      "resolved": "../..",
      "link": true
    }
  }
}
